
Microsoft Visual Studio Solution File, Format Version 12.00
# Visual Studio Version 16
VisualStudioVersion = 16.0.31005.135
MinimumVisualStudioVersion = 10.0.40219.1
Project("{FAE04EC0-301F-11D3-BF4B-00C04F79EFBC}") = "SDMultiLangLib", "SDMultiLangLib.csproj", "{83A30C33-C119-437C-99DF-77BE24A922EB}"
EndProject
Global
	GlobalSection(SolutionConfigurationPlatforms) = preSolution
		Debug|Any CPU = Debug|Any CPU
		Release|Any CPU = Release|Any CPU
	EndGlobalSection
	GlobalSection(ProjectConfigurationPlatforms) = postSolution
		{83A30C33-C119-437C-99DF-77BE24A922EB}.Debug|Any CPU.ActiveCfg = Debug|Any CPU
		{83A30C33-C119-437C-99DF-77BE24A922EB}.Debug|Any CPU.Build.0 = Debug|Any CPU
		{83A30C33-C119-437C-99DF-77BE24A922EB}.Release|Any CPU.ActiveCfg = Release|Any CPU
		{83A30C33-C119-437C-99DF-77BE24A922EB}.Release|Any CPU.Build.0 = Release|Any CPU
	EndGlobalSection
	GlobalSection(SolutionProperties) = preSolution
		HideSolutionNode = FALSE
	EndGlobalSection
	GlobalSection(ExtensibilityGlobals) = postSolution
		SolutionGuid = {72D39FFE-8CC3-4012-AC3B-C363E841938A}
	EndGlobalSection
EndGlobal
